// !$*UTF8*$!
{
	archiveVersion = 1;
	classes = {
	};
	objectVersion = 55;
	objects = {

/* Begin PBXBuildFile section */
		FDDA7B26298F3B1400CC718F /* swiftUImemoApp.swift in Sources */ = {isa = PBXBuildFile; fileRef = FDDA7B25298F3B1400CC718F /* swiftUImemoApp.swift */; };
		FDDA7B2A298F3B1600CC718F /* Assets.xcassets in Resources */ = {isa = PBXBuildFile; fileRef = FDDA7B29298F3B1600CC718F /* Assets.xcassets */; };
		FDDA7B2D298F3B1600CC718F /* Preview Assets.xcassets in Resources */ = {isa = PBXBuildFile; fileRef = FDDA7B2C298F3B1600CC718F /* Preview Assets.xcassets */; };
		FDDA7B2F298F3B1600CC718F /* Persistence.swift in Sources */ = {isa = PBXBuildFile; fileRef = FDDA7B2E298F3B1600CC718F /* Persistence.swift */; };
		FDDA7B32298F3B1600CC718F /* swiftUImemo.xcdatamodeld in Sources */ = {isa = PBXBuildFile; fileRef = FDDA7B30298F3B1600CC718F /* swiftUImemo.xcdatamodeld */; };
		FDDA7B3B298F3B6900CC718F /* Memo.swift in Sources */ = {isa = PBXBuildFile; fileRef = FDDA7B3A298F3B6900CC718F /* Memo.swift */; };
		FDDA7B3D298F42DA00CC718F /* MemoStore.swift in Sources */ = {isa = PBXBuildFile; fileRef = FDDA7B3C298F42D900CC718F /* MemoStore.swift */; };
		FDDA7B3F298F430800CC718F /* MainListView.swift in Sources */ = {isa = PBXBuildFile; fileRef = FDDA7B3E298F430800CC718F /* MainListView.swift */; };
		FDDA7B44298F592900CC718F /* MemoCell.swift in Sources */ = {isa = PBXBuildFile; fileRef = FDDA7B43298F592900CC718F /* MemoCell.swift */; };
		FDDA7B46298F5A5B00CC718F /* ComposeView.swift in Sources */ = {isa = PBXBuildFile; fileRef = FDDA7B45298F5A5B00CC718F /* ComposeView.swift */; };
		FDDA7B4929909B7500CC718F /* DetailView.swift in Sources */ = {isa = PBXBuildFile; fileRef = FDDA7B4829909B7500CC718F /* DetailView.swift */; };
/* End PBXBuildFile section */

/* Begin PBXFileReference section */
		FDDA7B22298F3B1400CC718F /* swiftUImemo.app */ = {isa = PBXFileReference; explicitFileType = wrapper.application; includeInIndex = 0; path = swiftUImemo.app; sourceTree = BUILT_PRODUCTS_DIR; };
		FDDA7B25298F3B1400CC718F /* swiftUImemoApp.swift */ = {isa = PBXFileReference; lastKnownFileType = sourcecode.swift; path = swiftUImemoApp.swift; sourceTree = "<group>"; };
		FDDA7B29298F3B1600CC718F /* Assets.xcassets */ = {isa = PBXFileReference; lastKnownFileType = folder.assetcatalog; path = Assets.xcassets; sourceTree = "<group>"; };
		FDDA7B2C298F3B1600CC718F /* Preview Assets.xcassets */ = {isa = PBXFileReference; lastKnownFileType = folder.assetcatalog; path = "Preview Assets.xcassets"; sourceTree = "<group>"; };
		FDDA7B2E298F3B1600CC718F /* Persistence.swift */ = {isa = PBXFileReference; lastKnownFileType = sourcecode.swift; path = Persistence.swift; sourceTree = "<group>"; };
		FDDA7B31298F3B1600CC718F /* swiftUImemo.xcdatamodel */ = {isa = PBXFileReference; lastKnownFileType = wrapper.xcdatamodel; path = swiftUImemo.xcdatamodel; sourceTree = "<group>"; };
		FDDA7B3A298F3B6900CC718F /* Memo.swift */ = {isa = PBXFileReference; lastKnownFileType = sourcecode.swift; path = Memo.swift; sourceTree = "<group>"; };
		FDDA7B3C298F42D900CC718F /* MemoStore.swift */ = {isa = PBXFileReference; lastKnownFileType = sourcecode.swift; path = MemoStore.swift; sourceTree = "<group>"; };
		FDDA7B3E298F430800CC718F /* MainListView.swift */ = {isa = PBXFileReference; lastKnownFileType = sourcecode.swift; path = MainListView.swift; sourceTree = "<group>"; };
		FDDA7B43298F592900CC718F /* MemoCell.swift */ = {isa = PBXFileReference; lastKnownFileType = sourcecode.swift; path = MemoCell.swift; sourceTree = "<group>"; };
		FDDA7B45298F5A5B00CC718F /* ComposeView.swift */ = {isa = PBXFileReference; lastKnownFileType = sourcecode.swift; path = ComposeView.swift; sourceTree = "<group>"; };
		FDDA7B4829909B7500CC718F /* DetailView.swift */ = {isa = PBXFileReference; lastKnownFileType = sourcecode.swift; path = DetailView.swift; sourceTree = "<group>"; };
/* End PBXFileReference section */

/* Begin PBXFrameworksBuildPhase section */
		FDDA7B1F298F3B1400CC718F /* Frameworks */ = {
			isa = PBXFrameworksBuildPhase;
			buildActionMask = 2147483647;
			files = (
			);
			runOnlyForDeploymentPostprocessing = 0;
		};
/* End PBXFrameworksBuildPhase section */

/* Begin PBXGroup section */
		FDDA7B19298F3B1400CC718F = {
			isa = PBXGroup;
			children = (
				FDDA7B24298F3B1400CC718F /* swiftUImemo */,
				FDDA7B23298F3B1400CC718F /* Products */,
			);
			sourceTree = "<group>";
		};
		FDDA7B23298F3B1400CC718F /* Products */ = {
			isa = PBXGroup;
			children = (
				FDDA7B22298F3B1400CC718F /* swiftUImemo.app */,
			);
			name = Products;
			sourceTree = "<group>";
		};
		FDDA7B24298F3B1400CC718F /* swiftUImemo */ = {
			isa = PBXGroup;
			children = (
				FDDA7B40298F531500CC718F /* View */,
				FDDA7B39298F3B5B00CC718F /* Memory */,
				FDDA7B38298F3B5400CC718F /* CoreData */,
				FDDA7B2B298F3B1600CC718F /* Preview Content */,
				FDDA7B25298F3B1400CC718F /* swiftUImemoApp.swift */,
				FDDA7B29298F3B1600CC718F /* Assets.xcassets */,
			);
			path = swiftUImemo;
			sourceTree = "<group>";
		};
		FDDA7B2B298F3B1600CC718F /* Preview Content */ = {
			isa = PBXGroup;
			children = (
				FDDA7B2C298F3B1600CC718F /* Preview Assets.xcassets */,
			);
			path = "Preview Content";
			sourceTree = "<group>";
		};
		FDDA7B38298F3B5400CC718F /* CoreData */ = {
			isa = PBXGroup;
			children = (
				FDDA7B2E298F3B1600CC718F /* Persistence.swift */,
				FDDA7B30298F3B1600CC718F /* swiftUImemo.xcdatamodeld */,
			);
			path = CoreData;
			sourceTree = "<group>";
		};
		FDDA7B39298F3B5B00CC718F /* Memory */ = {
			isa = PBXGroup;
			children = (
				FDDA7B3A298F3B6900CC718F /* Memo.swift */,
				FDDA7B3C298F42D900CC718F /* MemoStore.swift */,
			);
			path = Memory;
			sourceTree = "<group>";
		};
		FDDA7B40298F531500CC718F /* View */ = {
			isa = PBXGroup;
			children = (
				FDDA7B47298F5A6500CC718F /* SubView */,
				FDDA7B3E298F430800CC718F /* MainListView.swift */,
				FDDA7B45298F5A5B00CC718F /* ComposeView.swift */,
				FDDA7B4829909B7500CC718F /* DetailView.swift */,
			);
			path = View;
			sourceTree = "<group>";
		};
		FDDA7B47298F5A6500CC718F /* SubView */ = {
			isa = PBXGroup;
			children = (
				FDDA7B43298F592900CC718F /* MemoCell.swift */,
			);
			path = SubView;
			sourceTree = "<group>";
		};
/* End PBXGroup section */

/* Begin PBXNativeTarget section */
		FDDA7B21298F3B1400CC718F /* swiftUImemo */ = {
			isa = PBXNativeTarget;
			buildConfigurationList = FDDA7B35298F3B1600CC718F /* Build configuration list for PBXNativeTarget "swiftUImemo" */;
			buildPhases = (
				FDDA7B1E298F3B1400CC718F /* Sources */,
				FDDA7B1F298F3B1400CC718F /* Frameworks */,
				FDDA7B20298F3B1400CC718F /* Resources */,
			);
			buildRules = (
			);
			dependencies = (
			);
			name = swiftUImemo;
			productName = swiftUImemo;
			productReference = FDDA7B22298F3B1400CC718F /* swiftUImemo.app */;
			productType = "com.apple.product-type.application";
		};
/* End PBXNativeTarget section */

/* Begin PBXProject section */
		FDDA7B1A298F3B1400CC718F /* Project object */ = {
			isa = PBXProject;
			attributes = {
				BuildIndependentTargetsInParallel = 1;
				LastSwiftUpdateCheck = 1320;
				LastUpgradeCheck = 1320;
				TargetAttributes = {
					FDDA7B21298F3B1400CC718F = {
						CreatedOnToolsVersion = 13.2.1;
					};
				};
			};
			buildConfigurationList = FDDA7B1D298F3B1400CC718F /* Build configuration list for PBXProject "swiftUImemo" */;
			compatibilityVersion = "Xcode 13.0";
			developmentRegion = en;
			hasScannedForEncodings = 0;
			knownRegions = (
				en,
				Base,
			);
			mainGroup = FDDA7B19298F3B1400CC718F;
			productRefGroup = FDDA7B23298F3B1400CC718F /* Products */;
			projectDirPath = "";
			projectRoot = "";
			targets = (
				FDDA7B21298F3B1400CC718F /* swiftUImemo */,
			);
		};
/* End PBXProject section */

/* Begin PBXResourcesBuildPhase section */
		FDDA7B20298F3B1400CC718F /* Resources */ = {
			isa = PBXResourcesBuildPhase;
			buildActionMask = 2147483647;
			files = (
				FDDA7B2D298F3B1600CC718F /* Preview Assets.xcassets in Resources */,
				FDDA7B2A298F3B1600CC718F /* Assets.xcassets in Resources */,
			);
			runOnlyForDeploymentPostprocessing = 0;
		};
/* End PBXResourcesBuildPhase section */

/* Begin PBXSourcesBuildPhase section */
		FDDA7B1E298F3B1400CC718F /* Sources */ = {
			isa = PBXSourcesBuildPhase;
			buildActionMask = 2147483647;
			files = (
				FDDA7B2F298F3B1600CC718F /* Persistence.swift in Sources */,
				FDDA7B4929909B7500CC718F /* DetailView.swift in Sources */,
				FDDA7B3F298F430800CC718F /* MainListView.swift in Sources */,
				FDDA7B32298F3B1600CC718F /* swiftUImemo.xcdatamodeld in Sources */,
				FDDA7B26298F3B1400CC718F /* swiftUImemoApp.swift in Sources */,
				FDDA7B3D298F42DA00CC718F /* MemoStore.swift in Sources */,
				FDDA7B46298F5A5B00CC718F /* ComposeView.swift in Sources */,
				FDDA7B3B298F3B6900CC718F /* Memo.swift in Sources */,
				FDDA7B44298F592900CC718F /* MemoCell.swift in Sources */,
			);
			runOnlyForDeploymentPostprocessing = 0;
		};
/* End PBXSourcesBuildPhase section */

/* Begin XCBuildConfiguration section */
		FDDA7B33298F3B1600CC718F /* Debug */ = {
			isa = XCBuildConfiguration;
			buildSettings = {
				ALWAYS_SEARCH_USER_PATHS = NO;
				CLANG_ANALYZER_NONNULL = YES;
				CLANG_ANALYZER_NUMBER_OBJECT_CONVERSION = YES_AGGRESSIVE;
				CLANG_CXX_LANGUAGE_STANDARD = "gnu++17";
				CLANG_CXX_LIBRARY = "libc++";
				CLANG_ENABLE_MODULES = YES;
				CLANG_ENABLE_OBJC_ARC = YES;
				CLANG_ENABLE_OBJC_WEAK = YES;
				CLANG_WARN_BLOCK_CAPTURE_AUTORELEASING = YES;
				CLANG_WARN_BOOL_CONVERSION = YES;
				CLANG_WARN_COMMA = YES;
				CLANG_WARN_CONSTANT_CONVERSION = YES;
				CLANG_WARN_DEPRECATED_OBJC_IMPLEMENTATIONS = YES;
				CLANG_WARN_DIRECT_OBJC_ISA_USAGE = YES_ERROR;
				CLANG_WARN_DOCUMENTATION_COMMENTS = YES;
				CLANG_WARN_EMPTY_BODY = YES;
				CLANG_WARN_ENUM_CONVERSION = YES;
				CLANG_WARN_INFINITE_RECURSION = YES;
				CLANG_WARN_INT_CONVERSION = YES;
				CLANG_WARN_NON_LITERAL_NULL_CONVERSION = YES;
				CLANG_WARN_OBJC_IMPLICIT_RETAIN_SELF = YES;
				CLANG_WARN_OBJC_LITERAL_CONVERSION = YES;
				CLANG_WARN_OBJC_ROOT_CLASS = YES_ERROR;
				CLANG_WARN_QUOTED_INCLUDE_IN_FRAMEWORK_HEADER = YES;
				CLANG_WARN_RANGE_LOOP_ANALYSIS = YES;
				CLANG_WARN_STRICT_PROTOTYPES = YES;
				CLANG_WARN_SUSPICIOUS_MOVE = YES;
				CLANG_WARN_UNGUARDED_AVAILABILITY = YES_AGGRESSIVE;
				CLANG_WARN_UNREACHABLE_CODE = YES;
				CLANG_WARN__DUPLICATE_METHOD_MATCH = YES;
				COPY_PHASE_STRIP = NO;
				DEBUG_INFORMATION_FORMAT = dwarf;
				ENABLE_STRICT_OBJC_MSGSEND = YES;
				ENABLE_TESTABILITY = YES;
				GCC_C_LANGUAGE_STANDARD = gnu11;
				GCC_DYNAMIC_NO_PIC = NO;
				GCC_NO_COMMON_BLOCKS = YES;
				GCC_OPTIMIZATION_LEVEL = 0;
				GCC_PREPROCESSOR_DEFINITIONS = (
					"DEBUG=1",
					"$(inherited)",
				);
				GCC_WARN_64_TO_32_BIT_CONVERSION = YES;
				GCC_WARN_ABOUT_RETURN_TYPE = YES_ERROR;
				GCC_WARN_UNDECLARED_SELECTOR = YES;
				GCC_WARN_UNINITIALIZED_AUTOS = YES_AGGRESSIVE;
				GCC_WARN_UNUSED_FUNCTION = YES;
				GCC_WARN_UNUSED_VARIABLE = YES;
				IPHONEOS_DEPLOYMENT_TARGET = 15.2;
				MTL_ENABLE_DEBUG_INFO = INCLUDE_SOURCE;
				MTL_FAST_MATH = YES;
				ONLY_ACTIVE_ARCH = YES;
				SDKROOT = iphoneos;
				SWIFT_ACTIVE_COMPILATION_CONDITIONS = DEBUG;
				SWIFT_OPTIMIZATION_LEVEL = "-Onone";
			};
			name = Debug;
		};
		FDDA7B34298F3B1600CC718F /* Release */ = {
			isa = XCBuildConfiguration;
			buildSettings = {
				ALWAYS_SEARCH_USER_PATHS = NO;
				CLANG_ANALYZER_NONNULL = YES;
				CLANG_ANALYZER_NUMBER_OBJECT_CONVERSION = YES_AGGRESSIVE;
				CLANG_CXX_LANGUAGE_STANDARD = "gnu++17";
				CLANG_CXX_LIBRARY = "libc++";
				CLANG_ENABLE_MODULES = YES;
				CLANG_ENABLE_OBJC_ARC = YES;
				CLANG_ENABLE_OBJC_WEAK = YES;
				CLANG_WARN_BLOCK_CAPTURE_AUTORELEASING = YES;
				CLANG_WARN_BOOL_CONVERSION = YES;
				CLANG_WARN_COMMA = YES;
				CLANG_WARN_CONSTANT_CONVERSION = YES;
				CLANG_WARN_DEPRECATED_OBJC_IMPLEMENTATIONS = YES;
				CLANG_WARN_DIRECT_OBJC_ISA_USAGE = YES_ERROR;
				CLANG_WARN_DOCUMENTATION_COMMENTS = YES;
				CLANG_WARN_EMPTY_BODY = YES;
				CLANG_WARN_ENUM_CONVERSION = YES;
				CLANG_WARN_INFINITE_RECURSION = YES;
				CLANG_WARN_INT_CONVERSION = YES;
				CLANG_WARN_NON_LITERAL_NULL_CONVERSION = YES;
				CLANG_WARN_OBJC_IMPLICIT_RETAIN_SELF = YES;
				CLANG_WARN_OBJC_LITERAL_CONVERSION = YES;
				CLANG_WARN_OBJC_ROOT_CLASS = YES_ERROR;
				CLANG_WARN_QUOTED_INCLUDE_IN_FRAMEWORK_HEADER = YES;
				CLANG_WARN_RANGE_LOOP_ANALYSIS = YES;
				CLANG_WARN_STRICT_PROTOTYPES = YES;
				CLANG_WARN_SUSPICIOUS_MOVE = YES;
				CLANG_WARN_UNGUARDED_AVAILABILITY = YES_AGGRESSIVE;
				CLANG_WARN_UNREACHABLE_CODE = YES;
				CLANG_WARN__DUPLICATE_METHOD_MATCH = YES;
				COPY_PHASE_STRIP = NO;
				DEBUG_INFORMATION_FORMAT = "dwarf-with-dsym";
				ENABLE_NS_ASSERTIONS = NO;
				ENABLE_STRICT_OBJC_MSGSEND = YES;
				GCC_C_LANGUAGE_STANDARD = gnu11;
				GCC_NO_COMMON_BLOCKS = YES;
				GCC_WARN_64_TO_32_BIT_CONVERSION = YES;
				GCC_WARN_ABOUT_RETURN_TYPE = YES_ERROR;
				GCC_WARN_UNDECLARED_SELECTOR = YES;
				GCC_WARN_UNINITIALIZED_AUTOS = YES_AGGRESSIVE;
				GCC_WARN_UNUSED_FUNCTION = YES;
				GCC_WARN_UNUSED_VARIABLE = YES;
				IPHONEOS_DEPLOYMENT_TARGET = 15.2;
				MTL_ENABLE_DEBUG_INFO = NO;
				MTL_FAST_MATH = YES;
				SDKROOT = iphoneos;
				SWIFT_COMPILATION_MODE = wholemodule;
				SWIFT_OPTIMIZATION_LEVEL = "-O";
				VALIDATE_PRODUCT = YES;
			};
			name = Release;
		};
		FDDA7B36298F3B1600CC718F /* Debug */ = {
			isa = XCBuildConfiguration;
			buildSettings = {
				ASSETCATALOG_COMPILER_APPICON_NAME = AppIcon;
				ASSETCATALOG_COMPILER_GLOBAL_ACCENT_COLOR_NAME = AccentColor;
				CODE_SIGN_STYLE = Automatic;
				CURRENT_PROJECT_VERSION = 1;
				DEVELOPMENT_ASSET_PATHS = "\"swiftUImemo/Preview Content\"";
				DEVELOPMENT_TEAM = 7JCB3TJ6U7;
				ENABLE_PREVIEWS = YES;
				GENERATE_INFOPLIST_FILE = YES;
				INFOPLIST_KEY_UIApplicationSceneManifest_Generation = YES;
				INFOPLIST_KEY_UIApplicationSupportsIndirectInputEvents = YES;
				INFOPLIST_KEY_UILaunchScreen_Generation = YES;
				INFOPLIST_KEY_UISupportedInterfaceOrientations_iPad = "UIInterfaceOrientationPortrait UIInterfaceOrientationPortraitUpsideDown UIInterfaceOrientationLandscapeLeft UIInterfaceOrientationLandscapeRight";
				INFOPLIST_KEY_UISupportedInterfaceOrientations_iPhone = "UIInterfaceOrientationPortrait UIInterfaceOrientationLandscapeLeft UIInterfaceOrientationLandscapeRight";
				LD_RUNPATH_SEARCH_PATHS = (
					"$(inherited)",
					"@executable_path/Frameworks",
				);
				MARKETING_VERSION = 1.0;
				PRODUCT_BUNDLE_IDENTIFIER = com.najin.swiftUImemo;
				PRODUCT_NAME = "$(TARGET_NAME)";
				SWIFT_EMIT_LOC_STRINGS = YES;
				SWIFT_VERSION = 5.0;
				TARGETED_DEVICE_FAMILY = "1,2";
			};
			name = Debug;
		};
		FDDA7B37298F3B1600CC718F /* Release */ = {
			isa = XCBuildConfiguration;
			buildSettings = {
				ASSETCATALOG_COMPILER_APPICON_NAME = AppIcon;
				ASSETCATALOG_COMPILER_GLOBAL_ACCENT_COLOR_NAME = AccentColor;
				CODE_SIGN_STYLE = Automatic;
				CURRENT_PROJECT_VERSION = 1;
				DEVELOPMENT_ASSET_PATHS = "\"swiftUImemo/Preview Content\"";
				DEVELOPMENT_TEAM = 7JCB3TJ6U7;
				ENABLE_PREVIEWS = YES;
				GENERATE_INFOPLIST_FILE = YES;
				INFOPLIST_KEY_UIApplicationSceneManifest_Generation = YES;
				INFOPLIST_KEY_UIApplicationSupportsIndirectInputEvents = YES;
				INFOPLIST_KEY_UILaunchScreen_Generation = YES;
				INFOPLIST_KEY_UISupportedInterfaceOrientations_iPad = "UIInterfaceOrientationPortrait UIInterfaceOrientationPortraitUpsideDown UIInterfaceOrientationLandscapeLeft UIInterfaceOrientationLandscapeRight";
				INFOPLIST_KEY_UISupportedInterfaceOrientations_iPhone = "UIInterfaceOrientationPortrait UIInterfaceOrientationLandscapeLeft UIInterfaceOrientationLandscapeRight";
				LD_RUNPATH_SEARCH_PATHS = (
					"$(inherited)",
					"@executable_path/Frameworks",
				);
				MARKETING_VERSION = 1.0;
				PRODUCT_BUNDLE_IDENTIFIER = com.najin.swiftUImemo;
				PRODUCT_NAME = "$(TARGET_NAME)";
				SWIFT_EMIT_LOC_STRINGS = YES;
				SWIFT_VERSION = 5.0;
				TARGETED_DEVICE_FAMILY = "1,2";
			};
			name = Release;
		};
/* End XCBuildConfiguration section */

/* Begin XCConfigurationList section */
		FDDA7B1D298F3B1400CC718F /* Build configuration list for PBXProject "swiftUImemo" */ = {
			isa = XCConfigurationList;
			buildConfigurations = (
				FDDA7B33298F3B1600CC718F /* Debug */,
				FDDA7B34298F3B1600CC718F /* Release */,
			);
			defaultConfigurationIsVisible = 0;
			defaultConfigurationName = Release;
		};
		FDDA7B35298F3B1600CC718F /* Build configuration list for PBXNativeTarget "swiftUImemo" */ = {
			isa = XCConfigurationList;
			buildConfigurations = (
				FDDA7B36298F3B1600CC718F /* Debug */,
				FDDA7B37298F3B1600CC718F /* Release */,
			);
			defaultConfigurationIsVisible = 0;
			defaultConfigurationName = Release;
		};
/* End XCConfigurationList section */

/* Begin XCVersionGroup section */
		FDDA7B30298F3B1600CC718F /* swiftUImemo.xcdatamodeld */ = {
			isa = XCVersionGroup;
			children = (
				FDDA7B31298F3B1600CC718F /* swiftUImemo.xcdatamodel */,
			);
			currentVersion = FDDA7B31298F3B1600CC718F /* swiftUImemo.xcdatamodel */;
			path = swiftUImemo.xcdatamodeld;
			sourceTree = "<group>";
			versionGroupType = wrapper.xcdatamodel;
		};
/* End XCVersionGroup section */
	};
	rootObject = FDDA7B1A298F3B1400CC718F /* Project object */;
}
